
Microsoft Visual Studio Solution File, Format Version 12.00
# Visual Studio Version 17
VisualStudioVersion = 17.2.32516.85
MinimumVisualStudioVersion = 10.0.40219.1
Project("{9A19103F-16F7-4668-BE54-9A1E7A4F7556}") = "ZipAnalyzer", "ZipAnalyzer\ZipAnalyzer.csproj", "{546D1A36-DEE0-4D65-A7E2-939A0C336F85}"
EndProject
Project("{FAE04EC0-301F-11D3-BF4B-00C04F79EFBC}") = "ZipInfoReader", "ZipInfoReader\ZipInfoReader.csproj", "{D1A6C955-B740-4DF8-BA54-F6F122229222}"
EndProject
Global
	GlobalSection(SolutionConfigurationPlatforms) = preSolution
		Debug|Any CPU = Debug|Any CPU
		Release|Any CPU = Release|Any CPU
	EndGlobalSection
	GlobalSection(ProjectConfigurationPlatforms) = postSolution
		{546D1A36-DEE0-4D65-A7E2-939A0C336F85}.Debug|Any CPU.ActiveCfg = Debug|Any CPU
		{546D1A36-DEE0-4D65-A7E2-939A0C336F85}.Debug|Any CPU.Build.0 = Debug|Any CPU
		{546D1A36-DEE0-4D65-A7E2-939A0C336F85}.Release|Any CPU.ActiveCfg = Release|Any CPU
		{546D1A36-DEE0-4D65-A7E2-939A0C336F85}.Release|Any CPU.Build.0 = Release|Any CPU
		{D1A6C955-B740-4DF8-BA54-F6F122229222}.Debug|Any CPU.ActiveCfg = Debug|Any CPU
		{D1A6C955-B740-4DF8-BA54-F6F122229222}.Debug|Any CPU.Build.0 = Debug|Any CPU
		{D1A6C955-B740-4DF8-BA54-F6F122229222}.Release|Any CPU.ActiveCfg = Release|Any CPU
		{D1A6C955-B740-4DF8-BA54-F6F122229222}.Release|Any CPU.Build.0 = Release|Any CPU
	EndGlobalSection
	GlobalSection(SolutionProperties) = preSolution
		HideSolutionNode = FALSE
	EndGlobalSection
	GlobalSection(ExtensibilityGlobals) = postSolution
		SolutionGuid = {4FA07FB3-67AB-4652-BB5A-03E9D62A69BF}
	EndGlobalSection
EndGlobal
